
Microsoft Visual Studio Solution File, Format Version 12.00
# Visual Studio 15
VisualStudioVersion = 15.0.28010.2003
MinimumVisualStudioVersion = 10.0.40219.1
Project("{FAE04EC0-301F-11D3-BF4B-00C04F79EFBC}") = "CSweek2EF", "CSweek2EF\CSweek2EF.csproj", "{101635F5-77B0-4D0B-8AFC-5ABC7CA97DCA}"
EndProject
Global
	GlobalSection(SolutionConfigurationPlatforms) = preSolution
		Debug|x86 = Debug|x86
		Release|x86 = Release|x86
	EndGlobalSection
	GlobalSection(ProjectConfigurationPlatforms) = postSolution
		{101635F5-77B0-4D0B-8AFC-5ABC7CA97DCA}.Debug|x86.ActiveCfg = Debug|x86
		{101635F5-77B0-4D0B-8AFC-5ABC7CA97DCA}.Debug|x86.Build.0 = Debug|x86
		{101635F5-77B0-4D0B-8AFC-5ABC7CA97DCA}.Release|x86.ActiveCfg = Release|x86
		{101635F5-77B0-4D0B-8AFC-5ABC7CA97DCA}.Release|x86.Build.0 = Release|x86
	EndGlobalSection
	GlobalSection(SolutionProperties) = preSolution
		HideSolutionNode = FALSE
	EndGlobalSection
	GlobalSection(ExtensibilityGlobals) = postSolution
		SolutionGuid = {4685016F-B390-42D6-8520-E133965071FE}
	EndGlobalSection
EndGlobal
